
Microsoft Visual Studio Solution File, Format Version 12.00
# Visual Studio Version 17
VisualStudioVersion = 17.14.36429.23 d17.14
MinimumVisualStudioVersion = 10.0.40219.1
Project("{FAE04EC0-301F-11D3-BF4B-00C04F79EFBC}") = "MusicMarketplace", "MusicMarketplace\MusicMarketplace.csproj", "{51998930-ED95-4BB1-864B-4ED73E13EC88}"
EndProject
Global
	GlobalSection(SolutionConfigurationPlatforms) = preSolution
		Debug|Any CPU = Debug|Any CPU
		Release|Any CPU = Release|Any CPU
	EndGlobalSection
	GlobalSection(ProjectConfigurationPlatforms) = postSolution
		{51998930-ED95-4BB1-864B-4ED73E13EC88}.Debug|Any CPU.ActiveCfg = Debug|Any CPU
		{51998930-ED95-4BB1-864B-4ED73E13EC88}.Debug|Any CPU.Build.0 = Debug|Any CPU
		{51998930-ED95-4BB1-864B-4ED73E13EC88}.Release|Any CPU.ActiveCfg = Release|Any CPU
		{51998930-ED95-4BB1-864B-4ED73E13EC88}.Release|Any CPU.Build.0 = Release|Any CPU
	EndGlobalSection
	GlobalSection(SolutionProperties) = preSolution
		HideSolutionNode = FALSE
	EndGlobalSection
	GlobalSection(ExtensibilityGlobals) = postSolution
		SolutionGuid = {84410A0F-6E3D-4D6F-AEB6-2C5B5941ECFA}
	EndGlobalSection
EndGlobal
